
Microsoft Visual Studio Solution File, Format Version 12.00
Project("{2150E333-8FDC-42A3-9474-1A3956D46DE8}") = "Solution Items", "Solution Items", "{75DFF5B3-26B4-4664-9A5B-FDE12F00E28C}"
	ProjectSection(SolutionItems) = preProject
		compose.yaml = compose.yaml
	EndProjectSection
EndProject
Project("{FAE04EC0-301F-11D3-BF4B-00C04F79EFBC}") = "DotnetDocker", "DotnetDocker.csproj", "{D28136EE-46A3-4153-86B9-BE59E9425C94}"
EndProject
Global
	GlobalSection(SolutionConfigurationPlatforms) = preSolution
		Debug|Any CPU = Debug|Any CPU
		Release|Any CPU = Release|Any CPU
	EndGlobalSection
	GlobalSection(ProjectConfigurationPlatforms) = postSolution
		{D28136EE-46A3-4153-86B9-BE59E9425C94}.Debug|Any CPU.ActiveCfg = Debug|Any CPU
		{D28136EE-46A3-4153-86B9-BE59E9425C94}.Debug|Any CPU.Build.0 = Debug|Any CPU
		{D28136EE-46A3-4153-86B9-BE59E9425C94}.Release|Any CPU.ActiveCfg = Release|Any CPU
		{D28136EE-46A3-4153-86B9-BE59E9425C94}.Release|Any CPU.Build.0 = Release|Any CPU
	EndGlobalSection
EndGlobal
